// !$*UTF8*$!
{
	archiveVersion = 1;
	classes = {
	};
	objectVersion = 56;
	objects = {

/* Begin PBXBuildFile section */
		BD16AC842AD4866E00E101CA /* DragonExpenseData in Frameworks */ = {isa = PBXBuildFile; productRef = BD16AC832AD4866E00E101CA /* DragonExpenseData */; };
		BD16AC852AD4873E00E101CA /* DragonExpenseData in Embed Frameworks */ = {isa = PBXBuildFile; productRef = BD16AC832AD4866E00E101CA /* DragonExpenseData */; settings = {ATTRIBUTES = (CodeSignOnCopy, ); }; };
		BD16AC882AD54D1200E101CA /* DREAddTransactionFAB.swift in Sources */ = {isa = PBXBuildFile; fileRef = BD16AC872AD54D1200E101CA /* DREAddTransactionFAB.swift */; };
		BD170BDB2ABE273700381A9C /* DragonExpenseApp.swift in Sources */ = {isa = PBXBuildFile; fileRef = BD170BDA2ABE273700381A9C /* DragonExpenseApp.swift */; };
		BD170BDD2ABE273700381A9C /* TransactionsScreen.swift in Sources */ = {isa = PBXBuildFile; fileRef = BD170BDC2ABE273700381A9C /* TransactionsScreen.swift */; };
		BD170BE12ABE273800381A9C /* Assets.xcassets in Resources */ = {isa = PBXBuildFile; fileRef = BD170BE02ABE273800381A9C /* Assets.xcassets */; };
		BD170BE42ABE273800381A9C /* Preview Assets.xcassets in Resources */ = {isa = PBXBuildFile; fileRef = BD170BE32ABE273800381A9C /* Preview Assets.xcassets */; };
		BD170BEE2ABE273800381A9C /* DragonExpenseTests.swift in Sources */ = {isa = PBXBuildFile; fileRef = BD170BED2ABE273800381A9C /* DragonExpenseTests.swift */; };
		BD170BF82ABE273800381A9C /* DragonExpenseUITests.swift in Sources */ = {isa = PBXBuildFile; fileRef = BD170BF72ABE273800381A9C /* DragonExpenseUITests.swift */; };
		BD170BFA2ABE273800381A9C /* DragonExpenseUITestsLaunchTests.swift in Sources */ = {isa = PBXBuildFile; fileRef = BD170BF92ABE273800381A9C /* DragonExpenseUITestsLaunchTests.swift */; };
		BD7697052ACA047B0088B84A /* ModelPreview.swift in Sources */ = {isa = PBXBuildFile; fileRef = BD7697042ACA047B0088B84A /* ModelPreview.swift */; };
		BD7CEF842AD34565008A60CE /* Collections in Frameworks */ = {isa = PBXBuildFile; productRef = BD7CEF832AD34565008A60CE /* Collections */; };
		BD7CEF862AD34565008A60CE /* DequeModule in Frameworks */ = {isa = PBXBuildFile; productRef = BD7CEF852AD34565008A60CE /* DequeModule */; };
		BD7CEF882AD34565008A60CE /* OrderedCollections in Frameworks */ = {isa = PBXBuildFile; productRef = BD7CEF872AD34565008A60CE /* OrderedCollections */; };
		BD7CEF902AD434D5008A60CE /* TransactionListView.swift in Sources */ = {isa = PBXBuildFile; fileRef = BD7CEF8F2AD434D5008A60CE /* TransactionListView.swift */; };
		BD9BC0152ACB46C00026A230 /* TextFieldStyles.swift in Sources */ = {isa = PBXBuildFile; fileRef = BD9BC0142ACB46C00026A230 /* TextFieldStyles.swift */; };
		BD9BC0172ACC08C20026A230 /* AmountTextField.swift in Sources */ = {isa = PBXBuildFile; fileRef = BD9BC0162ACC08C20026A230 /* AmountTextField.swift */; };
		BD9BC0662ACDF18D0026A230 /* Symbols.swift in Sources */ = {isa = PBXBuildFile; fileRef = BD9BC0652ACDF18D0026A230 /* Symbols.swift */; };
		BD9BC06A2ACDF8AE0026A230 /* CategoryIconView.swift in Sources */ = {isa = PBXBuildFile; fileRef = BD9BC0692ACDF8AE0026A230 /* CategoryIconView.swift */; };
		BD9BC06C2AD08D950026A230 /* CategoryPickerView.swift in Sources */ = {isa = PBXBuildFile; fileRef = BD9BC06B2AD08D950026A230 /* CategoryPickerView.swift */; };
		BD9BC06F2AD0A11C0026A230 /* AddCategorySheetView.swift in Sources */ = {isa = PBXBuildFile; fileRef = BD9BC06E2AD0A11C0026A230 /* AddCategorySheetView.swift */; };
		BDF480C12AC9B4D7006A8942 /* String+Extensions.swift in Sources */ = {isa = PBXBuildFile; fileRef = BDF480C02AC9B4D7006A8942 /* String+Extensions.swift */; };
		BDF480C32AC9C001006A8942 /* AddTransactionView.swift in Sources */ = {isa = PBXBuildFile; fileRef = BDF480C22AC9C001006A8942 /* AddTransactionView.swift */; };
		BDFE68612AC7661800A81CB6 /* Styles.swift in Sources */ = {isa = PBXBuildFile; fileRef = BDFE68602AC7661800A81CB6 /* Styles.swift */; };
/* End PBXBuildFile section */

/* Begin PBXContainerItemProxy section */
		BD170BEA2ABE273800381A9C /* PBXContainerItemProxy */ = {
			isa = PBXContainerItemProxy;
			containerPortal = BD170BCF2ABE273700381A9C /* Project object */;
			proxyType = 1;
			remoteGlobalIDString = BD170BD62ABE273700381A9C;
			remoteInfo = DragonExpense;
		};
		BD170BF42ABE273800381A9C /* PBXContainerItemProxy */ = {
			isa = PBXContainerItemProxy;
			containerPortal = BD170BCF2ABE273700381A9C /* Project object */;
			proxyType = 1;
			remoteGlobalIDString = BD170BD62ABE273700381A9C;
			remoteInfo = DragonExpense;
		};
/* End PBXContainerItemProxy section */

/* Begin PBXCopyFilesBuildPhase section */
		BD16AC862AD4873E00E101CA /* Embed Frameworks */ = {
			isa = PBXCopyFilesBuildPhase;
			buildActionMask = 2147483647;
			dstPath = "";
			dstSubfolderSpec = 10;
			files = (
				BD16AC852AD4873E00E101CA /* DragonExpenseData in Embed Frameworks */,
			);
			name = "Embed Frameworks";
			runOnlyForDeploymentPostprocessing = 0;
		};
/* End PBXCopyFilesBuildPhase section */

/* Begin PBXFileReference section */
		BD16AC872AD54D1200E101CA /* DREAddTransactionFAB.swift */ = {isa = PBXFileReference; lastKnownFileType = sourcecode.swift; path = DREAddTransactionFAB.swift; sourceTree = "<group>"; };
		BD170BD72ABE273700381A9C /* DragonExpense.app */ = {isa = PBXFileReference; explicitFileType = wrapper.application; includeInIndex = 0; path = DragonExpense.app; sourceTree = BUILT_PRODUCTS_DIR; };
		BD170BDA2ABE273700381A9C /* DragonExpenseApp.swift */ = {isa = PBXFileReference; lastKnownFileType = sourcecode.swift; path = DragonExpenseApp.swift; sourceTree = "<group>"; };
		BD170BDC2ABE273700381A9C /* TransactionsScreen.swift */ = {isa = PBXFileReference; lastKnownFileType = sourcecode.swift; path = TransactionsScreen.swift; sourceTree = "<group>"; };
		BD170BE02ABE273800381A9C /* Assets.xcassets */ = {isa = PBXFileReference; lastKnownFileType = folder.assetcatalog; path = Assets.xcassets; sourceTree = "<group>"; };
		BD170BE32ABE273800381A9C /* Preview Assets.xcassets */ = {isa = PBXFileReference; lastKnownFileType = folder.assetcatalog; path = "Preview Assets.xcassets"; sourceTree = "<group>"; };
		BD170BE92ABE273800381A9C /* DragonExpenseTests.xctest */ = {isa = PBXFileReference; explicitFileType = wrapper.cfbundle; includeInIndex = 0; path = DragonExpenseTests.xctest; sourceTree = BUILT_PRODUCTS_DIR; };
		BD170BED2ABE273800381A9C /* DragonExpenseTests.swift */ = {isa = PBXFileReference; lastKnownFileType = sourcecode.swift; path = DragonExpenseTests.swift; sourceTree = "<group>"; };
		BD170BF32ABE273800381A9C /* DragonExpenseUITests.xctest */ = {isa = PBXFileReference; explicitFileType = wrapper.cfbundle; includeInIndex = 0; path = DragonExpenseUITests.xctest; sourceTree = BUILT_PRODUCTS_DIR; };
		BD170BF72ABE273800381A9C /* DragonExpenseUITests.swift */ = {isa = PBXFileReference; lastKnownFileType = sourcecode.swift; path = DragonExpenseUITests.swift; sourceTree = "<group>"; };
		BD170BF92ABE273800381A9C /* DragonExpenseUITestsLaunchTests.swift */ = {isa = PBXFileReference; lastKnownFileType = sourcecode.swift; path = DragonExpenseUITestsLaunchTests.swift; sourceTree = "<group>"; };
		BD7697042ACA047B0088B84A /* ModelPreview.swift */ = {isa = PBXFileReference; lastKnownFileType = sourcecode.swift; path = ModelPreview.swift; sourceTree = "<group>"; };
		BD7CEF8F2AD434D5008A60CE /* TransactionListView.swift */ = {isa = PBXFileReference; lastKnownFileType = sourcecode.swift; path = TransactionListView.swift; sourceTree = "<group>"; };
		BD7CEF912AD478DD008A60CE /* DragonExpenseData */ = {isa = PBXFileReference; lastKnownFileType = wrapper; path = DragonExpenseData; sourceTree = "<group>"; };
		BD9BC0142ACB46C00026A230 /* TextFieldStyles.swift */ = {isa = PBXFileReference; lastKnownFileType = sourcecode.swift; path = TextFieldStyles.swift; sourceTree = "<group>"; };
		BD9BC0162ACC08C20026A230 /* AmountTextField.swift */ = {isa = PBXFileReference; lastKnownFileType = sourcecode.swift; path = AmountTextField.swift; sourceTree = "<group>"; };
		BD9BC0652ACDF18D0026A230 /* Symbols.swift */ = {isa = PBXFileReference; lastKnownFileType = sourcecode.swift; path = Symbols.swift; sourceTree = "<group>"; };
		BD9BC0692ACDF8AE0026A230 /* CategoryIconView.swift */ = {isa = PBXFileReference; lastKnownFileType = sourcecode.swift; path = CategoryIconView.swift; sourceTree = "<group>"; };
		BD9BC06B2AD08D950026A230 /* CategoryPickerView.swift */ = {isa = PBXFileReference; lastKnownFileType = sourcecode.swift; path = CategoryPickerView.swift; sourceTree = "<group>"; };
		BD9BC06E2AD0A11C0026A230 /* AddCategorySheetView.swift */ = {isa = PBXFileReference; lastKnownFileType = sourcecode.swift; path = AddCategorySheetView.swift; sourceTree = "<group>"; };
		BDF480C02AC9B4D7006A8942 /* String+Extensions.swift */ = {isa = PBXFileReference; lastKnownFileType = sourcecode.swift; path = "String+Extensions.swift"; sourceTree = "<group>"; };
		BDF480C22AC9C001006A8942 /* AddTransactionView.swift */ = {isa = PBXFileReference; lastKnownFileType = sourcecode.swift; path = AddTransactionView.swift; sourceTree = "<group>"; };
		BDFE68602AC7661800A81CB6 /* Styles.swift */ = {isa = PBXFileReference; lastKnownFileType = sourcecode.swift; path = Styles.swift; sourceTree = "<group>"; };
/* End PBXFileReference section */

/* Begin PBXFrameworksBuildPhase section */
		BD170BD42ABE273700381A9C /* Frameworks */ = {
			isa = PBXFrameworksBuildPhase;
			buildActionMask = 2147483647;
			files = (
				BD7CEF842AD34565008A60CE /* Collections in Frameworks */,
				BD7CEF862AD34565008A60CE /* DequeModule in Frameworks */,
				BD16AC842AD4866E00E101CA /* DragonExpenseData in Frameworks */,
				BD7CEF882AD34565008A60CE /* OrderedCollections in Frameworks */,
			);
			runOnlyForDeploymentPostprocessing = 0;
		};
		BD170BE62ABE273800381A9C /* Frameworks */ = {
			isa = PBXFrameworksBuildPhase;
			buildActionMask = 2147483647;
			files = (
			);
			runOnlyForDeploymentPostprocessing = 0;
		};
		BD170BF02ABE273800381A9C /* Frameworks */ = {
			isa = PBXFrameworksBuildPhase;
			buildActionMask = 2147483647;
			files = (
			);
			runOnlyForDeploymentPostprocessing = 0;
		};
/* End PBXFrameworksBuildPhase section */

/* Begin PBXGroup section */
		BD170BCE2ABE273700381A9C = {
			isa = PBXGroup;
			children = (
				BD170BD92ABE273700381A9C /* DragonExpense */,
				BD170BEC2ABE273800381A9C /* DragonExpenseTests */,
				BD170BF62ABE273800381A9C /* DragonExpenseUITests */,
				BD7CEF912AD478DD008A60CE /* DragonExpenseData */,
				BD170BD82ABE273700381A9C /* Products */,
				BD7CEF922AD47A0A008A60CE /* Frameworks */,
			);
			sourceTree = "<group>";
		};
		BD170BD82ABE273700381A9C /* Products */ = {
			isa = PBXGroup;
			children = (
				BD170BD72ABE273700381A9C /* DragonExpense.app */,
				BD170BE92ABE273800381A9C /* DragonExpenseTests.xctest */,
				BD170BF32ABE273800381A9C /* DragonExpenseUITests.xctest */,
			);
			name = Products;
			sourceTree = "<group>";
		};
		BD170BD92ABE273700381A9C /* DragonExpense */ = {
			isa = PBXGroup;
			children = (
				BD9BC0132ACB46A90026A230 /* Shared */,
				BDF480BF2AC9B438006A8942 /* Extensions */,
				BD170BDA2ABE273700381A9C /* DragonExpenseApp.swift */,
				BDFE68622AC999FA00A81CB6 /* Transactions */,
				BD170BE02ABE273800381A9C /* Assets.xcassets */,
				BD170BE22ABE273800381A9C /* Preview Content */,
				BDFE68602AC7661800A81CB6 /* Styles.swift */,
				BD7697042ACA047B0088B84A /* ModelPreview.swift */,
			);
			path = DragonExpense;
			sourceTree = "<group>";
		};
		BD170BE22ABE273800381A9C /* Preview Content */ = {
			isa = PBXGroup;
			children = (
				BD170BE32ABE273800381A9C /* Preview Assets.xcassets */,
			);
			path = "Preview Content";
			sourceTree = "<group>";
		};
		BD170BEC2ABE273800381A9C /* DragonExpenseTests */ = {
			isa = PBXGroup;
			children = (
				BD170BED2ABE273800381A9C /* DragonExpenseTests.swift */,
			);
			path = DragonExpenseTests;
			sourceTree = "<group>";
		};
		BD170BF62ABE273800381A9C /* DragonExpenseUITests */ = {
			isa = PBXGroup;
			children = (
				BD170BF72ABE273800381A9C /* DragonExpenseUITests.swift */,
				BD170BF92ABE273800381A9C /* DragonExpenseUITestsLaunchTests.swift */,
			);
			path = DragonExpenseUITests;
			sourceTree = "<group>";
		};
		BD7CEF922AD47A0A008A60CE /* Frameworks */ = {
			isa = PBXGroup;
			children = (
			);
			name = Frameworks;
			sourceTree = "<group>";
		};
		BD9BC0132ACB46A90026A230 /* Shared */ = {
			isa = PBXGroup;
			children = (
				BD9BC0142ACB46C00026A230 /* TextFieldStyles.swift */,
				BD9BC0652ACDF18D0026A230 /* Symbols.swift */,
			);
			path = Shared;
			sourceTree = "<group>";
		};
		BD9BC06D2AD0A0E20026A230 /* Category */ = {
			isa = PBXGroup;
			children = (
				BD9BC0692ACDF8AE0026A230 /* CategoryIconView.swift */,
				BD9BC06B2AD08D950026A230 /* CategoryPickerView.swift */,
				BD9BC06E2AD0A11C0026A230 /* AddCategorySheetView.swift */,
			);
			path = Category;
			sourceTree = "<group>";
		};
		BDF480BF2AC9B438006A8942 /* Extensions */ = {
			isa = PBXGroup;
			children = (
				BDF480C02AC9B4D7006A8942 /* String+Extensions.swift */,
			);
			path = Extensions;
			sourceTree = "<group>";
		};
		BDFE68622AC999FA00A81CB6 /* Transactions */ = {
			isa = PBXGroup;
			children = (
				BD9BC06D2AD0A0E20026A230 /* Category */,
				BD170BDC2ABE273700381A9C /* TransactionsScreen.swift */,
				BDF480C22AC9C001006A8942 /* AddTransactionView.swift */,
				BD9BC0162ACC08C20026A230 /* AmountTextField.swift */,
				BD7CEF8F2AD434D5008A60CE /* TransactionListView.swift */,
				BD16AC872AD54D1200E101CA /* DREAddTransactionFAB.swift */,
			);
			path = Transactions;
			sourceTree = "<group>";
		};
/* End PBXGroup section */

/* Begin PBXNativeTarget section */
		BD170BD62ABE273700381A9C /* DragonExpense */ = {
			isa = PBXNativeTarget;
			buildConfigurationList = BD170BFD2ABE273800381A9C /* Build configuration list for PBXNativeTarget "DragonExpense" */;
			buildPhases = (
				BD170BD32ABE273700381A9C /* Sources */,
				BD170BD42ABE273700381A9C /* Frameworks */,
				BD170BD52ABE273700381A9C /* Resources */,
				BD16AC862AD4873E00E101CA /* Embed Frameworks */,
			);
			buildRules = (
			);
			dependencies = (
			);
			name = DragonExpense;
			packageProductDependencies = (
				BD7CEF832AD34565008A60CE /* Collections */,
				BD7CEF852AD34565008A60CE /* DequeModule */,
				BD7CEF872AD34565008A60CE /* OrderedCollections */,
				BD16AC832AD4866E00E101CA /* DragonExpenseData */,
			);
			productName = DragonExpense;
			productReference = BD170BD72ABE273700381A9C /* DragonExpense.app */;
			productType = "com.apple.product-type.application";
		};
		BD170BE82ABE273800381A9C /* DragonExpenseTests */ = {
			isa = PBXNativeTarget;
			buildConfigurationList = BD170C002ABE273800381A9C /* Build configuration list for PBXNativeTarget "DragonExpenseTests" */;
			buildPhases = (
				BD170BE52ABE273800381A9C /* Sources */,
				BD170BE62ABE273800381A9C /* Frameworks */,
				BD170BE72ABE273800381A9C /* Resources */,
			);
			buildRules = (
			);
			dependencies = (
				BD170BEB2ABE273800381A9C /* PBXTargetDependency */,
			);
			name = DragonExpenseTests;
			productName = DragonExpenseTests;
			productReference = BD170BE92ABE273800381A9C /* DragonExpenseTests.xctest */;
			productType = "com.apple.product-type.bundle.unit-test";
		};
		BD170BF22ABE273800381A9C /* DragonExpenseUITests */ = {
			isa = PBXNativeTarget;
			buildConfigurationList = BD170C032ABE273800381A9C /* Build configuration list for PBXNativeTarget "DragonExpenseUITests" */;
			buildPhases = (
				BD170BEF2ABE273800381A9C /* Sources */,
				BD170BF02ABE273800381A9C /* Frameworks */,
				BD170BF12ABE273800381A9C /* Resources */,
			);
			buildRules = (
			);
			dependencies = (
				BD170BF52ABE273800381A9C /* PBXTargetDependency */,
			);
			name = DragonExpenseUITests;
			productName = DragonExpenseUITests;
			productReference = BD170BF32ABE273800381A9C /* DragonExpenseUITests.xctest */;
			productType = "com.apple.product-type.bundle.ui-testing";
		};
/* End PBXNativeTarget section */

/* Begin PBXProject section */
		BD170BCF2ABE273700381A9C /* Project object */ = {
			isa = PBXProject;
			attributes = {
				BuildIndependentTargetsInParallel = 1;
				LastSwiftUpdateCheck = 1500;
				LastUpgradeCheck = 1500;
				TargetAttributes = {
					BD170BD62ABE273700381A9C = {
						CreatedOnToolsVersion = 15.0;
					};
					BD170BE82ABE273800381A9C = {
						CreatedOnToolsVersion = 15.0;
						TestTargetID = BD170BD62ABE273700381A9C;
					};
					BD170BF22ABE273800381A9C = {
						CreatedOnToolsVersion = 15.0;
						TestTargetID = BD170BD62ABE273700381A9C;
					};
				};
			};
			buildConfigurationList = BD170BD22ABE273700381A9C /* Build configuration list for PBXProject "DragonExpense" */;
			compatibilityVersion = "Xcode 14.0";
			developmentRegion = en;
			hasScannedForEncodings = 0;
			knownRegions = (
				en,
				Base,
			);
			mainGroup = BD170BCE2ABE273700381A9C;
			packageReferences = (
				BD7CEF822AD344E4008A60CE /* XCRemoteSwiftPackageReference "swift-collections" */,
			);
			productRefGroup = BD170BD82ABE273700381A9C /* Products */;
			projectDirPath = "";
			projectRoot = "";
			targets = (
				BD170BD62ABE273700381A9C /* DragonExpense */,
				BD170BE82ABE273800381A9C /* DragonExpenseTests */,
				BD170BF22ABE273800381A9C /* DragonExpenseUITests */,
			);
		};
/* End PBXProject section */

/* Begin PBXResourcesBuildPhase section */
		BD170BD52ABE273700381A9C /* Resources */ = {
			isa = PBXResourcesBuildPhase;
			buildActionMask = 2147483647;
			files = (
				BD170BE42ABE273800381A9C /* Preview Assets.xcassets in Resources */,
				BD170BE12ABE273800381A9C /* Assets.xcassets in Resources */,
			);
			runOnlyForDeploymentPostprocessing = 0;
		};
		BD170BE72ABE273800381A9C /* Resources */ = {
			isa = PBXResourcesBuildPhase;
			buildActionMask = 2147483647;
			files = (
			);
			runOnlyForDeploymentPostprocessing = 0;
		};
		BD170BF12ABE273800381A9C /* Resources */ = {
			isa = PBXResourcesBuildPhase;
			buildActionMask = 2147483647;
			files = (
			);
			runOnlyForDeploymentPostprocessing = 0;
		};
/* End PBXResourcesBuildPhase section */

/* Begin PBXSourcesBuildPhase section */
		BD170BD32ABE273700381A9C /* Sources */ = {
			isa = PBXSourcesBuildPhase;
			buildActionMask = 2147483647;
			files = (
				BD9BC0662ACDF18D0026A230 /* Symbols.swift in Sources */,
				BDF480C12AC9B4D7006A8942 /* String+Extensions.swift in Sources */,
				BD9BC0152ACB46C00026A230 /* TextFieldStyles.swift in Sources */,
				BD9BC0172ACC08C20026A230 /* AmountTextField.swift in Sources */,
				BD16AC882AD54D1200E101CA /* DREAddTransactionFAB.swift in Sources */,
				BD7CEF902AD434D5008A60CE /* TransactionListView.swift in Sources */,
				BDF480C32AC9C001006A8942 /* AddTransactionView.swift in Sources */,
				BDFE68612AC7661800A81CB6 /* Styles.swift in Sources */,
				BD9BC06C2AD08D950026A230 /* CategoryPickerView.swift in Sources */,
				BD9BC06A2ACDF8AE0026A230 /* CategoryIconView.swift in Sources */,
				BD170BDD2ABE273700381A9C /* TransactionsScreen.swift in Sources */,
				BD7697052ACA047B0088B84A /* ModelPreview.swift in Sources */,
				BD9BC06F2AD0A11C0026A230 /* AddCategorySheetView.swift in Sources */,
				BD170BDB2ABE273700381A9C /* DragonExpenseApp.swift in Sources */,
			);
			runOnlyForDeploymentPostprocessing = 0;
		};
		BD170BE52ABE273800381A9C /* Sources */ = {
			isa = PBXSourcesBuildPhase;
			buildActionMask = 2147483647;
			files = (
				BD170BEE2ABE273800381A9C /* DragonExpenseTests.swift in Sources */,
			);
			runOnlyForDeploymentPostprocessing = 0;
		};
		BD170BEF2ABE273800381A9C /* Sources */ = {
			isa = PBXSourcesBuildPhase;
			buildActionMask = 2147483647;
			files = (
				BD170BFA2ABE273800381A9C /* DragonExpenseUITestsLaunchTests.swift in Sources */,
				BD170BF82ABE273800381A9C /* DragonExpenseUITests.swift in Sources */,
			);
			runOnlyForDeploymentPostprocessing = 0;
		};
/* End PBXSourcesBuildPhase section */

/* Begin PBXTargetDependency section */
		BD170BEB2ABE273800381A9C /* PBXTargetDependency */ = {
			isa = PBXTargetDependency;
			target = BD170BD62ABE273700381A9C /* DragonExpense */;
			targetProxy = BD170BEA2ABE273800381A9C /* PBXContainerItemProxy */;
		};
		BD170BF52ABE273800381A9C /* PBXTargetDependency */ = {
			isa = PBXTargetDependency;
			target = BD170BD62ABE273700381A9C /* DragonExpense */;
			targetProxy = BD170BF42ABE273800381A9C /* PBXContainerItemProxy */;
		};
/* End PBXTargetDependency section */

/* Begin XCBuildConfiguration section */
		BD170BFB2ABE273800381A9C /* Debug */ = {
			isa = XCBuildConfiguration;
			buildSettings = {
				ALWAYS_SEARCH_USER_PATHS = NO;
				ASSETCATALOG_COMPILER_GENERATE_SWIFT_ASSET_SYMBOL_EXTENSIONS = YES;
				CLANG_ANALYZER_NONNULL = YES;
				CLANG_ANALYZER_NUMBER_OBJECT_CONVERSION = YES_AGGRESSIVE;
				CLANG_CXX_LANGUAGE_STANDARD = "gnu++20";
				CLANG_ENABLE_MODULES = YES;
				CLANG_ENABLE_OBJC_ARC = YES;
				CLANG_ENABLE_OBJC_WEAK = YES;
				CLANG_WARN_BLOCK_CAPTURE_AUTORELEASING = YES;
				CLANG_WARN_BOOL_CONVERSION = YES;
				CLANG_WARN_COMMA = YES;
				CLANG_WARN_CONSTANT_CONVERSION = YES;
				CLANG_WARN_DEPRECATED_OBJC_IMPLEMENTATIONS = YES;
				CLANG_WARN_DIRECT_OBJC_ISA_USAGE = YES_ERROR;
				CLANG_WARN_DOCUMENTATION_COMMENTS = YES;
				CLANG_WARN_EMPTY_BODY = YES;
				CLANG_WARN_ENUM_CONVERSION = YES;
				CLANG_WARN_INFINITE_RECURSION = YES;
				CLANG_WARN_INT_CONVERSION = YES;
				CLANG_WARN_NON_LITERAL_NULL_CONVERSION = YES;
				CLANG_WARN_OBJC_IMPLICIT_RETAIN_SELF = YES;
				CLANG_WARN_OBJC_LITERAL_CONVERSION = YES;
				CLANG_WARN_OBJC_ROOT_CLASS = YES_ERROR;
				CLANG_WARN_QUOTED_INCLUDE_IN_FRAMEWORK_HEADER = YES;
				CLANG_WARN_RANGE_LOOP_ANALYSIS = YES;
				CLANG_WARN_STRICT_PROTOTYPES = YES;
				CLANG_WARN_SUSPICIOUS_MOVE = YES;
				CLANG_WARN_UNGUARDED_AVAILABILITY = YES_AGGRESSIVE;
				CLANG_WARN_UNREACHABLE_CODE = YES;
				CLANG_WARN__DUPLICATE_METHOD_MATCH = YES;
				COPY_PHASE_STRIP = NO;
				DEBUG_INFORMATION_FORMAT = dwarf;
				ENABLE_STRICT_OBJC_MSGSEND = YES;
				ENABLE_TESTABILITY = YES;
				ENABLE_USER_SCRIPT_SANDBOXING = YES;
				GCC_C_LANGUAGE_STANDARD = gnu17;
				GCC_DYNAMIC_NO_PIC = NO;
				GCC_NO_COMMON_BLOCKS = YES;
				GCC_OPTIMIZATION_LEVEL = 0;
				GCC_PREPROCESSOR_DEFINITIONS = (
					"DEBUG=1",
					"$(inherited)",
				);
				GCC_WARN_64_TO_32_BIT_CONVERSION = YES;
				GCC_WARN_ABOUT_RETURN_TYPE = YES_ERROR;
				GCC_WARN_UNDECLARED_SELECTOR = YES;
				GCC_WARN_UNINITIALIZED_AUTOS = YES_AGGRESSIVE;
				GCC_WARN_UNUSED_FUNCTION = YES;
				GCC_WARN_UNUSED_VARIABLE = YES;
				IPHONEOS_DEPLOYMENT_TARGET = 17.0;
				LOCALIZATION_PREFERS_STRING_CATALOGS = YES;
				MTL_ENABLE_DEBUG_INFO = INCLUDE_SOURCE;
				MTL_FAST_MATH = YES;
				ONLY_ACTIVE_ARCH = YES;
				SDKROOT = iphoneos;
				SWIFT_ACTIVE_COMPILATION_CONDITIONS = "DEBUG $(inherited)";
				SWIFT_OPTIMIZATION_LEVEL = "-Onone";
			};
			name = Debug;
		};
		BD170BFC2ABE273800381A9C /* Release */ = {
			isa = XCBuildConfiguration;
			buildSettings = {
				ALWAYS_SEARCH_USER_PATHS = NO;
				ASSETCATALOG_COMPILER_GENERATE_SWIFT_ASSET_SYMBOL_EXTENSIONS = YES;
				CLANG_ANALYZER_NONNULL = YES;
				CLANG_ANALYZER_NUMBER_OBJECT_CONVERSION = YES_AGGRESSIVE;
				CLANG_CXX_LANGUAGE_STANDARD = "gnu++20";
				CLANG_ENABLE_MODULES = YES;
				CLANG_ENABLE_OBJC_ARC = YES;
				CLANG_ENABLE_OBJC_WEAK = YES;
				CLANG_WARN_BLOCK_CAPTURE_AUTORELEASING = YES;
				CLANG_WARN_BOOL_CONVERSION = YES;
				CLANG_WARN_COMMA = YES;
				CLANG_WARN_CONSTANT_CONVERSION = YES;
				CLANG_WARN_DEPRECATED_OBJC_IMPLEMENTATIONS = YES;
				CLANG_WARN_DIRECT_OBJC_ISA_USAGE = YES_ERROR;
				CLANG_WARN_DOCUMENTATION_COMMENTS = YES;
				CLANG_WARN_EMPTY_BODY = YES;
				CLANG_WARN_ENUM_CONVERSION = YES;
				CLANG_WARN_INFINITE_RECURSION = YES;
				CLANG_WARN_INT_CONVERSION = YES;
				CLANG_WARN_NON_LITERAL_NULL_CONVERSION = YES;
				CLANG_WARN_OBJC_IMPLICIT_RETAIN_SELF = YES;
				CLANG_WARN_OBJC_LITERAL_CONVERSION = YES;
				CLANG_WARN_OBJC_ROOT_CLASS = YES_ERROR;
				CLANG_WARN_QUOTED_INCLUDE_IN_FRAMEWORK_HEADER = YES;
				CLANG_WARN_RANGE_LOOP_ANALYSIS = YES;
				CLANG_WARN_STRICT_PROTOTYPES = YES;
				CLANG_WARN_SUSPICIOUS_MOVE = YES;
				CLANG_WARN_UNGUARDED_AVAILABILITY = YES_AGGRESSIVE;
				CLANG_WARN_UNREACHABLE_CODE = YES;
				CLANG_WARN__DUPLICATE_METHOD_MATCH = YES;
				COPY_PHASE_STRIP = NO;
				DEBUG_INFORMATION_FORMAT = "dwarf-with-dsym";
				ENABLE_NS_ASSERTIONS = NO;
				ENABLE_STRICT_OBJC_MSGSEND = YES;
				ENABLE_USER_SCRIPT_SANDBOXING = YES;
				GCC_C_LANGUAGE_STANDARD = gnu17;
				GCC_NO_COMMON_BLOCKS = YES;
				GCC_WARN_64_TO_32_BIT_CONVERSION = YES;
				GCC_WARN_ABOUT_RETURN_TYPE = YES_ERROR;
				GCC_WARN_UNDECLARED_SELECTOR = YES;
				GCC_WARN_UNINITIALIZED_AUTOS = YES_AGGRESSIVE;
				GCC_WARN_UNUSED_FUNCTION = YES;
				GCC_WARN_UNUSED_VARIABLE = YES;
				IPHONEOS_DEPLOYMENT_TARGET = 17.0;
				LOCALIZATION_PREFERS_STRING_CATALOGS = YES;
				MTL_ENABLE_DEBUG_INFO = NO;
				MTL_FAST_MATH = YES;
				SDKROOT = iphoneos;
				SWIFT_COMPILATION_MODE = wholemodule;
				VALIDATE_PRODUCT = YES;
			};
			name = Release;
		};
		BD170BFE2ABE273800381A9C /* Debug */ = {
			isa = XCBuildConfiguration;
			buildSettings = {
				ASSETCATALOG_COMPILER_APPICON_NAME = AppIcon;
				ASSETCATALOG_COMPILER_GLOBAL_ACCENT_COLOR_NAME = AccentColor;
				CODE_SIGN_STYLE = Automatic;
				CURRENT_PROJECT_VERSION = 1;
				DEVELOPMENT_ASSET_PATHS = "\"DragonExpense/Preview Content\"";
				DEVELOPMENT_TEAM = 87QJPDP36P;
				ENABLE_PREVIEWS = YES;
				GENERATE_INFOPLIST_FILE = YES;
				INFOPLIST_KEY_UIApplicationSceneManifest_Generation = YES;
				INFOPLIST_KEY_UIApplicationSupportsIndirectInputEvents = YES;
				INFOPLIST_KEY_UILaunchScreen_Generation = YES;
				INFOPLIST_KEY_UISupportedInterfaceOrientations_iPad = "UIInterfaceOrientationPortrait UIInterfaceOrientationPortraitUpsideDown UIInterfaceOrientationLandscapeLeft UIInterfaceOrientationLandscapeRight";
				INFOPLIST_KEY_UISupportedInterfaceOrientations_iPhone = "UIInterfaceOrientationPortrait UIInterfaceOrientationLandscapeLeft UIInterfaceOrientationLandscapeRight";
				LD_RUNPATH_SEARCH_PATHS = (
					"$(inherited)",
					"@executable_path/Frameworks",
				);
				MARKETING_VERSION = 1.0;
				PRODUCT_BUNDLE_IDENTIFIER = "nl.dragon-development.DragonExpense";
				PRODUCT_NAME = "$(TARGET_NAME)";
				SWIFT_EMIT_LOC_STRINGS = YES;
				SWIFT_VERSION = 5.0;
				TARGETED_DEVICE_FAMILY = "1,2";
			};
			name = Debug;
		};
		BD170BFF2ABE273800381A9C /* Release */ = {
			isa = XCBuildConfiguration;
			buildSettings = {
				ASSETCATALOG_COMPILER_APPICON_NAME = AppIcon;
				ASSETCATALOG_COMPILER_GLOBAL_ACCENT_COLOR_NAME = AccentColor;
				CODE_SIGN_STYLE = Automatic;
				CURRENT_PROJECT_VERSION = 1;
				DEVELOPMENT_ASSET_PATHS = "\"DragonExpense/Preview Content\"";
				DEVELOPMENT_TEAM = 87QJPDP36P;
				ENABLE_PREVIEWS = YES;
				GENERATE_INFOPLIST_FILE = YES;
				INFOPLIST_KEY_UIApplicationSceneManifest_Generation = YES;
				INFOPLIST_KEY_UIApplicationSupportsIndirectInputEvents = YES;
				INFOPLIST_KEY_UILaunchScreen_Generation = YES;
				INFOPLIST_KEY_UISupportedInterfaceOrientations_iPad = "UIInterfaceOrientationPortrait UIInterfaceOrientationPortraitUpsideDown UIInterfaceOrientationLandscapeLeft UIInterfaceOrientationLandscapeRight";
				INFOPLIST_KEY_UISupportedInterfaceOrientations_iPhone = "UIInterfaceOrientationPortrait UIInterfaceOrientationLandscapeLeft UIInterfaceOrientationLandscapeRight";
				LD_RUNPATH_SEARCH_PATHS = (
					"$(inherited)",
					"@executable_path/Frameworks",
				);
				MARKETING_VERSION = 1.0;
				PRODUCT_BUNDLE_IDENTIFIER = "nl.dragon-development.DragonExpense";
				PRODUCT_NAME = "$(TARGET_NAME)";
				SWIFT_EMIT_LOC_STRINGS = YES;
				SWIFT_VERSION = 5.0;
				TARGETED_DEVICE_FAMILY = "1,2";
			};
			name = Release;
		};
		BD170C012ABE273800381A9C /* Debug */ = {
			isa = XCBuildConfiguration;
			buildSettings = {
				ALWAYS_EMBED_SWIFT_STANDARD_LIBRARIES = YES;
				BUNDLE_LOADER = "$(TEST_HOST)";
				CODE_SIGN_STYLE = Automatic;
				CURRENT_PROJECT_VERSION = 1;
				DEVELOPMENT_TEAM = 87QJPDP36P;
				GENERATE_INFOPLIST_FILE = YES;
				IPHONEOS_DEPLOYMENT_TARGET = 17.0;
				MARKETING_VERSION = 1.0;
				PRODUCT_BUNDLE_IDENTIFIER = "nl.dragon-development.DragonExpenseTests";
				PRODUCT_NAME = "$(TARGET_NAME)";
				SWIFT_EMIT_LOC_STRINGS = NO;
				SWIFT_VERSION = 5.0;
				TARGETED_DEVICE_FAMILY = "1,2";
				TEST_HOST = "$(BUILT_PRODUCTS_DIR)/DragonExpense.app/$(BUNDLE_EXECUTABLE_FOLDER_PATH)/DragonExpense";
			};
			name = Debug;
		};
		BD170C022ABE273800381A9C /* Release */ = {
			isa = XCBuildConfiguration;
			buildSettings = {
				ALWAYS_EMBED_SWIFT_STANDARD_LIBRARIES = YES;
				BUNDLE_LOADER = "$(TEST_HOST)";
				CODE_SIGN_STYLE = Automatic;
				CURRENT_PROJECT_VERSION = 1;
				DEVELOPMENT_TEAM = 87QJPDP36P;
				GENERATE_INFOPLIST_FILE = YES;
				IPHONEOS_DEPLOYMENT_TARGET = 17.0;
				MARKETING_VERSION = 1.0;
				PRODUCT_BUNDLE_IDENTIFIER = "nl.dragon-development.DragonExpenseTests";
				PRODUCT_NAME = "$(TARGET_NAME)";
				SWIFT_EMIT_LOC_STRINGS = NO;
				SWIFT_VERSION = 5.0;
				TARGETED_DEVICE_FAMILY = "1,2";
				TEST_HOST = "$(BUILT_PRODUCTS_DIR)/DragonExpense.app/$(BUNDLE_EXECUTABLE_FOLDER_PATH)/DragonExpense";
			};
			name = Release;
		};
		BD170C042ABE273800381A9C /* Debug */ = {
			isa = XCBuildConfiguration;
			buildSettings = {
				ALWAYS_EMBED_SWIFT_STANDARD_LIBRARIES = YES;
				CODE_SIGN_STYLE = Automatic;
				CURRENT_PROJECT_VERSION = 1;
				DEVELOPMENT_TEAM = 87QJPDP36P;
				GENERATE_INFOPLIST_FILE = YES;
				MARKETING_VERSION = 1.0;
				PRODUCT_BUNDLE_IDENTIFIER = "nl.dragon-development.DragonExpenseUITests";
				PRODUCT_NAME = "$(TARGET_NAME)";
				SWIFT_EMIT_LOC_STRINGS = NO;
				SWIFT_VERSION = 5.0;
				TARGETED_DEVICE_FAMILY = "1,2";
				TEST_TARGET_NAME = DragonExpense;
			};
			name = Debug;
		};
		BD170C052ABE273800381A9C /* Release */ = {
			isa = XCBuildConfiguration;
			buildSettings = {
				ALWAYS_EMBED_SWIFT_STANDARD_LIBRARIES = YES;
				CODE_SIGN_STYLE = Automatic;
				CURRENT_PROJECT_VERSION = 1;
				DEVELOPMENT_TEAM = 87QJPDP36P;
				GENERATE_INFOPLIST_FILE = YES;
				MARKETING_VERSION = 1.0;
				PRODUCT_BUNDLE_IDENTIFIER = "nl.dragon-development.DragonExpenseUITests";
				PRODUCT_NAME = "$(TARGET_NAME)";
				SWIFT_EMIT_LOC_STRINGS = NO;
				SWIFT_VERSION = 5.0;
				TARGETED_DEVICE_FAMILY = "1,2";
				TEST_TARGET_NAME = DragonExpense;
			};
			name = Release;
		};
/* End XCBuildConfiguration section */

/* Begin XCConfigurationList section */
		BD170BD22ABE273700381A9C /* Build configuration list for PBXProject "DragonExpense" */ = {
			isa = XCConfigurationList;
			buildConfigurations = (
				BD170BFB2ABE273800381A9C /* Debug */,
				BD170BFC2ABE273800381A9C /* Release */,
			);
			defaultConfigurationIsVisible = 0;
			defaultConfigurationName = Release;
		};
		BD170BFD2ABE273800381A9C /* Build configuration list for PBXNativeTarget "DragonExpense" */ = {
			isa = XCConfigurationList;
			buildConfigurations = (
				BD170BFE2ABE273800381A9C /* Debug */,
				BD170BFF2ABE273800381A9C /* Release */,
			);
			defaultConfigurationIsVisible = 0;
			defaultConfigurationName = Release;
		};
		BD170C002ABE273800381A9C /* Build configuration list for PBXNativeTarget "DragonExpenseTests" */ = {
			isa = XCConfigurationList;
			buildConfigurations = (
				BD170C012ABE273800381A9C /* Debug */,
				BD170C022ABE273800381A9C /* Release */,
			);
			defaultConfigurationIsVisible = 0;
			defaultConfigurationName = Release;
		};
		BD170C032ABE273800381A9C /* Build configuration list for PBXNativeTarget "DragonExpenseUITests" */ = {
			isa = XCConfigurationList;
			buildConfigurations = (
				BD170C042ABE273800381A9C /* Debug */,
				BD170C052ABE273800381A9C /* Release */,
			);
			defaultConfigurationIsVisible = 0;
			defaultConfigurationName = Release;
		};
/* End XCConfigurationList section */

/* Begin XCRemoteSwiftPackageReference section */
		BD7CEF822AD344E4008A60CE /* XCRemoteSwiftPackageReference "swift-collections" */ = {
			isa = XCRemoteSwiftPackageReference;
			repositoryURL = "https://github.com/apple/swift-collections.git";
			requirement = {
				kind = upToNextMajorVersion;
				minimumVersion = 1.0.5;
			};
		};
/* End XCRemoteSwiftPackageReference section */

/* Begin XCSwiftPackageProductDependency section */
		BD16AC832AD4866E00E101CA /* DragonExpenseData */ = {
			isa = XCSwiftPackageProductDependency;
			productName = DragonExpenseData;
		};
		BD7CEF832AD34565008A60CE /* Collections */ = {
			isa = XCSwiftPackageProductDependency;
			package = BD7CEF822AD344E4008A60CE /* XCRemoteSwiftPackageReference "swift-collections" */;
			productName = Collections;
		};
		BD7CEF852AD34565008A60CE /* DequeModule */ = {
			isa = XCSwiftPackageProductDependency;
			package = BD7CEF822AD344E4008A60CE /* XCRemoteSwiftPackageReference "swift-collections" */;
			productName = DequeModule;
		};
		BD7CEF872AD34565008A60CE /* OrderedCollections */ = {
			isa = XCSwiftPackageProductDependency;
			package = BD7CEF822AD344E4008A60CE /* XCRemoteSwiftPackageReference "swift-collections" */;
			productName = OrderedCollections;
		};
/* End XCSwiftPackageProductDependency section */
	};
	rootObject = BD170BCF2ABE273700381A9C /* Project object */;
}
